// !$*UTF8*$!
{
	archiveVersion = 1;
	classes = {
	};
	objectVersion = 56;
	objects = {

/* Begin PBXBuildFile section */
		D92DFC292A1B5AEC002EA3B6 /* BattleGameApp.swift in Sources */ = {isa = PBXBuildFile; fileRef = D92DFC282A1B5AEC002EA3B6 /* BattleGameApp.swift */; };
		D92DFC2D2A1B5AF0002EA3B6 /* Assets.xcassets in Resources */ = {isa = PBXBuildFile; fileRef = D92DFC2C2A1B5AF0002EA3B6 /* Assets.xcassets */; };
		D92DFC312A1B5AF0002EA3B6 /* Preview Assets.xcassets in Resources */ = {isa = PBXBuildFile; fileRef = D92DFC302A1B5AF0002EA3B6 /* Preview Assets.xcassets */; };
		D92DFC3C2A1B5DF6002EA3B6 /* Card.swift in Sources */ = {isa = PBXBuildFile; fileRef = D92DFC3B2A1B5DF6002EA3B6 /* Card.swift */; };
		D92DFC402A1B61A1002EA3B6 /* GameView.swift in Sources */ = {isa = PBXBuildFile; fileRef = D92DFC3F2A1B61A1002EA3B6 /* GameView.swift */; };
		D92DFC442A1B6210002EA3B6 /* GameView.DealerView.swift in Sources */ = {isa = PBXBuildFile; fileRef = D92DFC432A1B6210002EA3B6 /* GameView.DealerView.swift */; };
		D92DFC462A1B622D002EA3B6 /* GameView.PlayerView.swift in Sources */ = {isa = PBXBuildFile; fileRef = D92DFC452A1B622D002EA3B6 /* GameView.PlayerView.swift */; };
		D92DFC482A1B6434002EA3B6 /* CardView.swift in Sources */ = {isa = PBXBuildFile; fileRef = D92DFC472A1B6434002EA3B6 /* CardView.swift */; };
		D92DFC4B2A1B66AD002EA3B6 /* GameViewModel.swift in Sources */ = {isa = PBXBuildFile; fileRef = D92DFC4A2A1B66AD002EA3B6 /* GameViewModel.swift */; };
		D92DFC4F2A1C06E6002EA3B6 /* Array.Extension.swift in Sources */ = {isa = PBXBuildFile; fileRef = D92DFC4E2A1C06E6002EA3B6 /* Array.Extension.swift */; };
		D97D608F2A1D1D0B009CE587 /* Rank.swift in Sources */ = {isa = PBXBuildFile; fileRef = D97D608E2A1D1D0B009CE587 /* Rank.swift */; };
		D97D60912A1D1D1C009CE587 /* Suit.swift in Sources */ = {isa = PBXBuildFile; fileRef = D97D60902A1D1D1C009CE587 /* Suit.swift */; };
/* End PBXBuildFile section */

/* Begin PBXFileReference section */
		D92DFC252A1B5AEC002EA3B6 /* BattleGame.app */ = {isa = PBXFileReference; explicitFileType = wrapper.application; includeInIndex = 0; path = BattleGame.app; sourceTree = BUILT_PRODUCTS_DIR; };
		D92DFC282A1B5AEC002EA3B6 /* BattleGameApp.swift */ = {isa = PBXFileReference; lastKnownFileType = sourcecode.swift; path = BattleGameApp.swift; sourceTree = "<group>"; };
		D92DFC2C2A1B5AF0002EA3B6 /* Assets.xcassets */ = {isa = PBXFileReference; lastKnownFileType = folder.assetcatalog; path = Assets.xcassets; sourceTree = "<group>"; };
		D92DFC2E2A1B5AF0002EA3B6 /* BattleGame.entitlements */ = {isa = PBXFileReference; lastKnownFileType = text.plist.entitlements; path = BattleGame.entitlements; sourceTree = "<group>"; };
		D92DFC302A1B5AF0002EA3B6 /* Preview Assets.xcassets */ = {isa = PBXFileReference; lastKnownFileType = folder.assetcatalog; path = "Preview Assets.xcassets"; sourceTree = "<group>"; };
		D92DFC3B2A1B5DF6002EA3B6 /* Card.swift */ = {isa = PBXFileReference; lastKnownFileType = sourcecode.swift; path = Card.swift; sourceTree = "<group>"; };
		D92DFC3F2A1B61A1002EA3B6 /* GameView.swift */ = {isa = PBXFileReference; lastKnownFileType = sourcecode.swift; path = GameView.swift; sourceTree = "<group>"; };
		D92DFC432A1B6210002EA3B6 /* GameView.DealerView.swift */ = {isa = PBXFileReference; lastKnownFileType = sourcecode.swift; path = GameView.DealerView.swift; sourceTree = "<group>"; };
		D92DFC452A1B622D002EA3B6 /* GameView.PlayerView.swift */ = {isa = PBXFileReference; lastKnownFileType = sourcecode.swift; path = GameView.PlayerView.swift; sourceTree = "<group>"; };
		D92DFC472A1B6434002EA3B6 /* CardView.swift */ = {isa = PBXFileReference; lastKnownFileType = sourcecode.swift; path = CardView.swift; sourceTree = "<group>"; };
		D92DFC4A2A1B66AD002EA3B6 /* GameViewModel.swift */ = {isa = PBXFileReference; lastKnownFileType = sourcecode.swift; path = GameViewModel.swift; sourceTree = "<group>"; };
		D92DFC4E2A1C06E6002EA3B6 /* Array.Extension.swift */ = {isa = PBXFileReference; lastKnownFileType = sourcecode.swift; path = Array.Extension.swift; sourceTree = "<group>"; };
		D97D608E2A1D1D0B009CE587 /* Rank.swift */ = {isa = PBXFileReference; lastKnownFileType = sourcecode.swift; path = Rank.swift; sourceTree = "<group>"; };
		D97D60902A1D1D1C009CE587 /* Suit.swift */ = {isa = PBXFileReference; lastKnownFileType = sourcecode.swift; path = Suit.swift; sourceTree = "<group>"; };
/* End PBXFileReference section */

/* Begin PBXFrameworksBuildPhase section */
		D92DFC222A1B5AEC002EA3B6 /* Frameworks */ = {
			isa = PBXFrameworksBuildPhase;
			buildActionMask = 2147483647;
			files = (
			);
			runOnlyForDeploymentPostprocessing = 0;
		};
/* End PBXFrameworksBuildPhase section */

/* Begin PBXGroup section */
		D92DFC1C2A1B5AEC002EA3B6 = {
			isa = PBXGroup;
			children = (
				D92DFC272A1B5AEC002EA3B6 /* BattleGame */,
				D92DFC262A1B5AEC002EA3B6 /* Products */,
			);
			sourceTree = "<group>";
		};
		D92DFC262A1B5AEC002EA3B6 /* Products */ = {
			isa = PBXGroup;
			children = (
				D92DFC252A1B5AEC002EA3B6 /* BattleGame.app */,
			);
			name = Products;
			sourceTree = "<group>";
		};
		D92DFC272A1B5AEC002EA3B6 /* BattleGame */ = {
			isa = PBXGroup;
			children = (
				D92DFC4D2A1C06D1002EA3B6 /* Extensions */,
				D92DFC282A1B5AEC002EA3B6 /* BattleGameApp.swift */,
				D92DFC422A1B61ED002EA3B6 /* View */,
				D92DFC412A1B61E8002EA3B6 /* Model */,
				D92DFC4C2A1B6969002EA3B6 /* ViewModel */,
				D92DFC2C2A1B5AF0002EA3B6 /* Assets.xcassets */,
				D92DFC2E2A1B5AF0002EA3B6 /* BattleGame.entitlements */,
				D92DFC2F2A1B5AF0002EA3B6 /* Preview Content */,
			);
			path = BattleGame;
			sourceTree = "<group>";
		};
		D92DFC2F2A1B5AF0002EA3B6 /* Preview Content */ = {
			isa = PBXGroup;
			children = (
				D92DFC302A1B5AF0002EA3B6 /* Preview Assets.xcassets */,
			);
			path = "Preview Content";
			sourceTree = "<group>";
		};
		D92DFC412A1B61E8002EA3B6 /* Model */ = {
			isa = PBXGroup;
			children = (
				D92DFC3B2A1B5DF6002EA3B6 /* Card.swift */,
				D97D608E2A1D1D0B009CE587 /* Rank.swift */,
				D97D60902A1D1D1C009CE587 /* Suit.swift */,
			);
			path = Model;
			sourceTree = "<group>";
		};
		D92DFC422A1B61ED002EA3B6 /* View */ = {
			isa = PBXGroup;
			children = (
				D92DFC492A1B6438002EA3B6 /* Game */,
				D92DFC472A1B6434002EA3B6 /* CardView.swift */,
			);
			path = View;
			sourceTree = "<group>";
		};
		D92DFC492A1B6438002EA3B6 /* Game */ = {
			isa = PBXGroup;
			children = (
				D92DFC3F2A1B61A1002EA3B6 /* GameView.swift */,
				D92DFC432A1B6210002EA3B6 /* GameView.DealerView.swift */,
				D92DFC452A1B622D002EA3B6 /* GameView.PlayerView.swift */,
			);
			path = Game;
			sourceTree = "<group>";
		};
		D92DFC4C2A1B6969002EA3B6 /* ViewModel */ = {
			isa = PBXGroup;
			children = (
				D92DFC4A2A1B66AD002EA3B6 /* GameViewModel.swift */,
			);
			path = ViewModel;
			sourceTree = "<group>";
		};
		D92DFC4D2A1C06D1002EA3B6 /* Extensions */ = {
			isa = PBXGroup;
			children = (
				D92DFC4E2A1C06E6002EA3B6 /* Array.Extension.swift */,
			);
			path = Extensions;
			sourceTree = "<group>";
		};
/* End PBXGroup section */

/* Begin PBXNativeTarget section */
		D92DFC242A1B5AEC002EA3B6 /* BattleGame */ = {
			isa = PBXNativeTarget;
			buildConfigurationList = D92DFC342A1B5AF0002EA3B6 /* Build configuration list for PBXNativeTarget "BattleGame" */;
			buildPhases = (
				D92DFC212A1B5AEC002EA3B6 /* Sources */,
				D92DFC222A1B5AEC002EA3B6 /* Frameworks */,
				D92DFC232A1B5AEC002EA3B6 /* Resources */,
			);
			buildRules = (
			);
			dependencies = (
			);
			name = BattleGame;
			productName = BattleGame;
			productReference = D92DFC252A1B5AEC002EA3B6 /* BattleGame.app */;
			productType = "com.apple.product-type.application";
		};
/* End PBXNativeTarget section */

/* Begin PBXProject section */
		D92DFC1D2A1B5AEC002EA3B6 /* Project object */ = {
			isa = PBXProject;
			attributes = {
				BuildIndependentTargetsInParallel = 1;
				LastSwiftUpdateCheck = 1410;
				LastUpgradeCheck = 1410;
				TargetAttributes = {
					D92DFC242A1B5AEC002EA3B6 = {
						CreatedOnToolsVersion = 14.1;
					};
				};
			};
			buildConfigurationList = D92DFC202A1B5AEC002EA3B6 /* Build configuration list for PBXProject "BattleGame" */;
			compatibilityVersion = "Xcode 14.0";
			developmentRegion = en;
			hasScannedForEncodings = 0;
			knownRegions = (
				en,
				Base,
			);
			mainGroup = D92DFC1C2A1B5AEC002EA3B6;
			productRefGroup = D92DFC262A1B5AEC002EA3B6 /* Products */;
			projectDirPath = "";
			projectRoot = "";
			targets = (
				D92DFC242A1B5AEC002EA3B6 /* BattleGame */,
			);
		};
/* End PBXProject section */

/* Begin PBXResourcesBuildPhase section */
		D92DFC232A1B5AEC002EA3B6 /* Resources */ = {
			isa = PBXResourcesBuildPhase;
			buildActionMask = 2147483647;
			files = (
				D92DFC312A1B5AF0002EA3B6 /* Preview Assets.xcassets in Resources */,
				D92DFC2D2A1B5AF0002EA3B6 /* Assets.xcassets in Resources */,
			);
			runOnlyForDeploymentPostprocessing = 0;
		};
/* End PBXResourcesBuildPhase section */

/* Begin PBXSourcesBuildPhase section */
		D92DFC212A1B5AEC002EA3B6 /* Sources */ = {
			isa = PBXSourcesBuildPhase;
			buildActionMask = 2147483647;
			files = (
				D97D60912A1D1D1C009CE587 /* Suit.swift in Sources */,
				D92DFC4F2A1C06E6002EA3B6 /* Array.Extension.swift in Sources */,
				D92DFC4B2A1B66AD002EA3B6 /* GameViewModel.swift in Sources */,
				D92DFC3C2A1B5DF6002EA3B6 /* Card.swift in Sources */,
				D97D608F2A1D1D0B009CE587 /* Rank.swift in Sources */,
				D92DFC482A1B6434002EA3B6 /* CardView.swift in Sources */,
				D92DFC292A1B5AEC002EA3B6 /* BattleGameApp.swift in Sources */,
				D92DFC402A1B61A1002EA3B6 /* GameView.swift in Sources */,
				D92DFC462A1B622D002EA3B6 /* GameView.PlayerView.swift in Sources */,
				D92DFC442A1B6210002EA3B6 /* GameView.DealerView.swift in Sources */,
			);
			runOnlyForDeploymentPostprocessing = 0;
		};
/* End PBXSourcesBuildPhase section */

/* Begin XCBuildConfiguration section */
		D92DFC322A1B5AF0002EA3B6 /* Debug */ = {
			isa = XCBuildConfiguration;
			buildSettings = {
				ALWAYS_SEARCH_USER_PATHS = NO;
				CLANG_ANALYZER_NONNULL = YES;
				CLANG_ANALYZER_NUMBER_OBJECT_CONVERSION = YES_AGGRESSIVE;
				CLANG_CXX_LANGUAGE_STANDARD = "gnu++20";
				CLANG_ENABLE_MODULES = YES;
				CLANG_ENABLE_OBJC_ARC = YES;
				CLANG_ENABLE_OBJC_WEAK = YES;
				CLANG_WARN_BLOCK_CAPTURE_AUTORELEASING = YES;
				CLANG_WARN_BOOL_CONVERSION = YES;
				CLANG_WARN_COMMA = YES;
				CLANG_WARN_CONSTANT_CONVERSION = YES;
				CLANG_WARN_DEPRECATED_OBJC_IMPLEMENTATIONS = YES;
				CLANG_WARN_DIRECT_OBJC_ISA_USAGE = YES_ERROR;
				CLANG_WARN_DOCUMENTATION_COMMENTS = YES;
				CLANG_WARN_EMPTY_BODY = YES;
				CLANG_WARN_ENUM_CONVERSION = YES;
				CLANG_WARN_INFINITE_RECURSION = YES;
				CLANG_WARN_INT_CONVERSION = YES;
				CLANG_WARN_NON_LITERAL_NULL_CONVERSION = YES;
				CLANG_WARN_OBJC_IMPLICIT_RETAIN_SELF = YES;
				CLANG_WARN_OBJC_LITERAL_CONVERSION = YES;
				CLANG_WARN_OBJC_ROOT_CLASS = YES_ERROR;
				CLANG_WARN_QUOTED_INCLUDE_IN_FRAMEWORK_HEADER = YES;
				CLANG_WARN_RANGE_LOOP_ANALYSIS = YES;
				CLANG_WARN_STRICT_PROTOTYPES = YES;
				CLANG_WARN_SUSPICIOUS_MOVE = YES;
				CLANG_WARN_UNGUARDED_AVAILABILITY = YES_AGGRESSIVE;
				CLANG_WARN_UNREACHABLE_CODE = YES;
				CLANG_WARN__DUPLICATE_METHOD_MATCH = YES;
				COPY_PHASE_STRIP = NO;
				DEBUG_INFORMATION_FORMAT = dwarf;
				ENABLE_STRICT_OBJC_MSGSEND = YES;
				ENABLE_TESTABILITY = YES;
				GCC_C_LANGUAGE_STANDARD = gnu11;
				GCC_DYNAMIC_NO_PIC = NO;
				GCC_NO_COMMON_BLOCKS = YES;
				GCC_OPTIMIZATION_LEVEL = 0;
				GCC_PREPROCESSOR_DEFINITIONS = (
					"DEBUG=1",
					"$(inherited)",
				);
				GCC_WARN_64_TO_32_BIT_CONVERSION = YES;
				GCC_WARN_ABOUT_RETURN_TYPE = YES_ERROR;
				GCC_WARN_UNDECLARED_SELECTOR = YES;
				GCC_WARN_UNINITIALIZED_AUTOS = YES_AGGRESSIVE;
				GCC_WARN_UNUSED_FUNCTION = YES;
				GCC_WARN_UNUSED_VARIABLE = YES;
				MTL_ENABLE_DEBUG_INFO = INCLUDE_SOURCE;
				MTL_FAST_MATH = YES;
				ONLY_ACTIVE_ARCH = YES;
				SWIFT_ACTIVE_COMPILATION_CONDITIONS = DEBUG;
				SWIFT_OPTIMIZATION_LEVEL = "-Onone";
			};
			name = Debug;
		};
		D92DFC332A1B5AF0002EA3B6 /* Release */ = {
			isa = XCBuildConfiguration;
			buildSettings = {
				ALWAYS_SEARCH_USER_PATHS = NO;
				CLANG_ANALYZER_NONNULL = YES;
				CLANG_ANALYZER_NUMBER_OBJECT_CONVERSION = YES_AGGRESSIVE;
				CLANG_CXX_LANGUAGE_STANDARD = "gnu++20";
				CLANG_ENABLE_MODULES = YES;
				CLANG_ENABLE_OBJC_ARC = YES;
				CLANG_ENABLE_OBJC_WEAK = YES;
				CLANG_WARN_BLOCK_CAPTURE_AUTORELEASING = YES;
				CLANG_WARN_BOOL_CONVERSION = YES;
				CLANG_WARN_COMMA = YES;
				CLANG_WARN_CONSTANT_CONVERSION = YES;
				CLANG_WARN_DEPRECATED_OBJC_IMPLEMENTATIONS = YES;
				CLANG_WARN_DIRECT_OBJC_ISA_USAGE = YES_ERROR;
				CLANG_WARN_DOCUMENTATION_COMMENTS = YES;
				CLANG_WARN_EMPTY_BODY = YES;
				CLANG_WARN_ENUM_CONVERSION = YES;
				CLANG_WARN_INFINITE_RECURSION = YES;
				CLANG_WARN_INT_CONVERSION = YES;
				CLANG_WARN_NON_LITERAL_NULL_CONVERSION = YES;
				CLANG_WARN_OBJC_IMPLICIT_RETAIN_SELF = YES;
				CLANG_WARN_OBJC_LITERAL_CONVERSION = YES;
				CLANG_WARN_OBJC_ROOT_CLASS = YES_ERROR;
				CLANG_WARN_QUOTED_INCLUDE_IN_FRAMEWORK_HEADER = YES;
				CLANG_WARN_RANGE_LOOP_ANALYSIS = YES;
				CLANG_WARN_STRICT_PROTOTYPES = YES;
				CLANG_WARN_SUSPICIOUS_MOVE = YES;
				CLANG_WARN_UNGUARDED_AVAILABILITY = YES_AGGRESSIVE;
				CLANG_WARN_UNREACHABLE_CODE = YES;
				CLANG_WARN__DUPLICATE_METHOD_MATCH = YES;
				COPY_PHASE_STRIP = NO;
				DEBUG_INFORMATION_FORMAT = "dwarf-with-dsym";
				ENABLE_NS_ASSERTIONS = NO;
				ENABLE_STRICT_OBJC_MSGSEND = YES;
				GCC_C_LANGUAGE_STANDARD = gnu11;
				GCC_NO_COMMON_BLOCKS = YES;
				GCC_WARN_64_TO_32_BIT_CONVERSION = YES;
				GCC_WARN_ABOUT_RETURN_TYPE = YES_ERROR;
				GCC_WARN_UNDECLARED_SELECTOR = YES;
				GCC_WARN_UNINITIALIZED_AUTOS = YES_AGGRESSIVE;
				GCC_WARN_UNUSED_FUNCTION = YES;
				GCC_WARN_UNUSED_VARIABLE = YES;
				MTL_ENABLE_DEBUG_INFO = NO;
				MTL_FAST_MATH = YES;
				SWIFT_COMPILATION_MODE = wholemodule;
				SWIFT_OPTIMIZATION_LEVEL = "-O";
			};
			name = Release;
		};
		D92DFC352A1B5AF0002EA3B6 /* Debug */ = {
			isa = XCBuildConfiguration;
			buildSettings = {
				ASSETCATALOG_COMPILER_APPICON_NAME = AppIcon;
				ASSETCATALOG_COMPILER_GLOBAL_ACCENT_COLOR_NAME = AccentColor;
				CODE_SIGN_ENTITLEMENTS = BattleGame/BattleGame.entitlements;
				CODE_SIGN_STYLE = Automatic;
				CURRENT_PROJECT_VERSION = 1;
				DEVELOPMENT_ASSET_PATHS = "\"BattleGame/Preview Content\"";
				DEVELOPMENT_TEAM = SNQ3QBLD3K;
				ENABLE_HARDENED_RUNTIME = YES;
				ENABLE_PREVIEWS = YES;
				GENERATE_INFOPLIST_FILE = YES;
				"INFOPLIST_KEY_UIApplicationSceneManifest_Generation[sdk=iphoneos*]" = YES;
				"INFOPLIST_KEY_UIApplicationSceneManifest_Generation[sdk=iphonesimulator*]" = YES;
				"INFOPLIST_KEY_UIApplicationSupportsIndirectInputEvents[sdk=iphoneos*]" = YES;
				"INFOPLIST_KEY_UIApplicationSupportsIndirectInputEvents[sdk=iphonesimulator*]" = YES;
				"INFOPLIST_KEY_UILaunchScreen_Generation[sdk=iphoneos*]" = YES;
				"INFOPLIST_KEY_UILaunchScreen_Generation[sdk=iphonesimulator*]" = YES;
				"INFOPLIST_KEY_UIStatusBarStyle[sdk=iphoneos*]" = UIStatusBarStyleDefault;
				"INFOPLIST_KEY_UIStatusBarStyle[sdk=iphonesimulator*]" = UIStatusBarStyleDefault;
				INFOPLIST_KEY_UISupportedInterfaceOrientations_iPad = "UIInterfaceOrientationPortrait UIInterfaceOrientationPortraitUpsideDown UIInterfaceOrientationLandscapeLeft UIInterfaceOrientationLandscapeRight";
				INFOPLIST_KEY_UISupportedInterfaceOrientations_iPhone = "UIInterfaceOrientationPortrait UIInterfaceOrientationLandscapeLeft UIInterfaceOrientationLandscapeRight";
				IPHONEOS_DEPLOYMENT_TARGET = 16.1;
				LD_RUNPATH_SEARCH_PATHS = "@executable_path/Frameworks";
				"LD_RUNPATH_SEARCH_PATHS[sdk=macosx*]" = "@executable_path/../Frameworks";
				MACOSX_DEPLOYMENT_TARGET = 13.0;
				MARKETING_VERSION = 1.0;
				PRODUCT_BUNDLE_IDENTIFIER = com.barthelemy.BattleGame;
				PRODUCT_NAME = "$(TARGET_NAME)";
				SDKROOT = auto;
				SUPPORTED_PLATFORMS = "iphoneos iphonesimulator macosx";
				SWIFT_EMIT_LOC_STRINGS = YES;
				SWIFT_VERSION = 5.0;
				TARGETED_DEVICE_FAMILY = "1,2";
			};
			name = Debug;
		};
		D92DFC362A1B5AF0002EA3B6 /* Release */ = {
			isa = XCBuildConfiguration;
			buildSettings = {
				ASSETCATALOG_COMPILER_APPICON_NAME = AppIcon;
				ASSETCATALOG_COMPILER_GLOBAL_ACCENT_COLOR_NAME = AccentColor;
				CODE_SIGN_ENTITLEMENTS = BattleGame/BattleGame.entitlements;
				CODE_SIGN_STYLE = Automatic;
				CURRENT_PROJECT_VERSION = 1;
				DEVELOPMENT_ASSET_PATHS = "\"BattleGame/Preview Content\"";
				DEVELOPMENT_TEAM = SNQ3QBLD3K;
				ENABLE_HARDENED_RUNTIME = YES;
				ENABLE_PREVIEWS = YES;
				GENERATE_INFOPLIST_FILE = YES;
				"INFOPLIST_KEY_UIApplicationSceneManifest_Generation[sdk=iphoneos*]" = YES;
				"INFOPLIST_KEY_UIApplicationSceneManifest_Generation[sdk=iphonesimulator*]" = YES;
				"INFOPLIST_KEY_UIApplicationSupportsIndirectInputEvents[sdk=iphoneos*]" = YES;
				"INFOPLIST_KEY_UIApplicationSupportsIndirectInputEvents[sdk=iphonesimulator*]" = YES;
				"INFOPLIST_KEY_UILaunchScreen_Generation[sdk=iphoneos*]" = YES;
				"INFOPLIST_KEY_UILaunchScreen_Generation[sdk=iphonesimulator*]" = YES;
				"INFOPLIST_KEY_UIStatusBarStyle[sdk=iphoneos*]" = UIStatusBarStyleDefault;
				"INFOPLIST_KEY_UIStatusBarStyle[sdk=iphonesimulator*]" = UIStatusBarStyleDefault;
				INFOPLIST_KEY_UISupportedInterfaceOrientations_iPad = "UIInterfaceOrientationPortrait UIInterfaceOrientationPortraitUpsideDown UIInterfaceOrientationLandscapeLeft UIInterfaceOrientationLandscapeRight";
				INFOPLIST_KEY_UISupportedInterfaceOrientations_iPhone = "UIInterfaceOrientationPortrait UIInterfaceOrientationLandscapeLeft UIInterfaceOrientationLandscapeRight";
				IPHONEOS_DEPLOYMENT_TARGET = 16.1;
				LD_RUNPATH_SEARCH_PATHS = "@executable_path/Frameworks";
				"LD_RUNPATH_SEARCH_PATHS[sdk=macosx*]" = "@executable_path/../Frameworks";
				MACOSX_DEPLOYMENT_TARGET = 13.0;
				MARKETING_VERSION = 1.0;
				PRODUCT_BUNDLE_IDENTIFIER = com.barthelemy.BattleGame;
				PRODUCT_NAME = "$(TARGET_NAME)";
				SDKROOT = auto;
				SUPPORTED_PLATFORMS = "iphoneos iphonesimulator macosx";
				SWIFT_EMIT_LOC_STRINGS = YES;
				SWIFT_VERSION = 5.0;
				TARGETED_DEVICE_FAMILY = "1,2";
			};
			name = Release;
		};
/* End XCBuildConfiguration section */

/* Begin XCConfigurationList section */
		D92DFC202A1B5AEC002EA3B6 /* Build configuration list for PBXProject "BattleGame" */ = {
			isa = XCConfigurationList;
			buildConfigurations = (
				D92DFC322A1B5AF0002EA3B6 /* Debug */,
				D92DFC332A1B5AF0002EA3B6 /* Release */,
			);
			defaultConfigurationIsVisible = 0;
			defaultConfigurationName = Release;
		};
		D92DFC342A1B5AF0002EA3B6 /* Build configuration list for PBXNativeTarget "BattleGame" */ = {
			isa = XCConfigurationList;
			buildConfigurations = (
				D92DFC352A1B5AF0002EA3B6 /* Debug */,
				D92DFC362A1B5AF0002EA3B6 /* Release */,
			);
			defaultConfigurationIsVisible = 0;
			defaultConfigurationName = Release;
		};
/* End XCConfigurationList section */
	};
	rootObject = D92DFC1D2A1B5AEC002EA3B6 /* Project object */;
}
